
Microsoft Visual Studio Solution File, Format Version 12.00
# Visual Studio Version 17
VisualStudioVersion = 17.8.34525.116
MinimumVisualStudioVersion = 10.0.40219.1
Project("{9A19103F-16F7-4668-BE54-9A1E7A4F7556}") = "DemoDDD.Domain", "DemoDDD.Domain\DemoDDD.Domain.csproj", "{18A98148-9099-412C-B0D1-2072EFDB8174}"
EndProject
Project("{FAE04EC0-301F-11D3-BF4B-00C04F79EFBC}") = "DemoDDD.Application", "DemoDDD.Application\DemoDDD.Application.csproj", "{ED46959C-FD04-47D2-A7CD-A12C9FF026A4}"
EndProject
Project("{FAE04EC0-301F-11D3-BF4B-00C04F79EFBC}") = "DemoDDD.Infrastucture", "DemoDDD.Infrastucture\DemoDDD.Infrastucture.csproj", "{F717F352-0B95-45B9-AB9C-F2E5ECAF83C9}"
EndProject
Project("{2150E333-8FDC-42A3-9474-1A3956D46DE8}") = "Solution Items", "Solution Items", "{760AAAF2-64C8-48B9-8C4F-FD2630828324}"
	ProjectSection(SolutionItems) = preProject
		.editorconfig = .editorconfig
	EndProjectSection
EndProject
Global
	GlobalSection(SolutionConfigurationPlatforms) = preSolution
		Debug|Any CPU = Debug|Any CPU
		Release|Any CPU = Release|Any CPU
	EndGlobalSection
	GlobalSection(ProjectConfigurationPlatforms) = postSolution
		{18A98148-9099-412C-B0D1-2072EFDB8174}.Debug|Any CPU.ActiveCfg = Debug|Any CPU
		{18A98148-9099-412C-B0D1-2072EFDB8174}.Debug|Any CPU.Build.0 = Debug|Any CPU
		{18A98148-9099-412C-B0D1-2072EFDB8174}.Release|Any CPU.ActiveCfg = Release|Any CPU
		{18A98148-9099-412C-B0D1-2072EFDB8174}.Release|Any CPU.Build.0 = Release|Any CPU
		{ED46959C-FD04-47D2-A7CD-A12C9FF026A4}.Debug|Any CPU.ActiveCfg = Debug|Any CPU
		{ED46959C-FD04-47D2-A7CD-A12C9FF026A4}.Debug|Any CPU.Build.0 = Debug|Any CPU
		{ED46959C-FD04-47D2-A7CD-A12C9FF026A4}.Release|Any CPU.ActiveCfg = Release|Any CPU
		{ED46959C-FD04-47D2-A7CD-A12C9FF026A4}.Release|Any CPU.Build.0 = Release|Any CPU
		{F717F352-0B95-45B9-AB9C-F2E5ECAF83C9}.Debug|Any CPU.ActiveCfg = Debug|Any CPU
		{F717F352-0B95-45B9-AB9C-F2E5ECAF83C9}.Debug|Any CPU.Build.0 = Debug|Any CPU
		{F717F352-0B95-45B9-AB9C-F2E5ECAF83C9}.Release|Any CPU.ActiveCfg = Release|Any CPU
		{F717F352-0B95-45B9-AB9C-F2E5ECAF83C9}.Release|Any CPU.Build.0 = Release|Any CPU
	EndGlobalSection
	GlobalSection(SolutionProperties) = preSolution
		HideSolutionNode = FALSE
	EndGlobalSection
	GlobalSection(ExtensibilityGlobals) = postSolution
		SolutionGuid = {3F0AC1EE-152B-4E86-8B45-9C07F0F0DDF3}
	EndGlobalSection
EndGlobal
